
Microsoft Visual Studio Solution File, Format Version 12.00
# Visual Studio 15
VisualStudioVersion = 15.0.26228.12
MinimumVisualStudioVersion = 10.0.40219.1
Project("{FAE04EC0-301F-11D3-BF4B-00C04F79EFBC}") = "SciCalc", "SciCalc\SciCalc.csproj", "{D4BEEC42-2EC1-4511-9F5A-5DB36E0F3602}"
EndProject
Project("{FAE04EC0-301F-11D3-BF4B-00C04F79EFBC}") = "SciCalc.Tests", "SciCalc.Tests\SciCalc.Tests.csproj", "{2AC7AFB2-718C-4AD6-8F0C-47F312B59B0E}"
EndProject
Global
	GlobalSection(SolutionConfigurationPlatforms) = preSolution
		Debug|Any CPU = Debug|Any CPU
		Release|Any CPU = Release|Any CPU
	EndGlobalSection
	GlobalSection(ProjectConfigurationPlatforms) = postSolution
		{D4BEEC42-2EC1-4511-9F5A-5DB36E0F3602}.Debug|Any CPU.ActiveCfg = Debug|Any CPU
		{D4BEEC42-2EC1-4511-9F5A-5DB36E0F3602}.Debug|Any CPU.Build.0 = Debug|Any CPU
		{D4BEEC42-2EC1-4511-9F5A-5DB36E0F3602}.Release|Any CPU.ActiveCfg = Release|Any CPU
		{D4BEEC42-2EC1-4511-9F5A-5DB36E0F3602}.Release|Any CPU.Build.0 = Release|Any CPU
		{2AC7AFB2-718C-4AD6-8F0C-47F312B59B0E}.Debug|Any CPU.ActiveCfg = Debug|Any CPU
		{2AC7AFB2-718C-4AD6-8F0C-47F312B59B0E}.Debug|Any CPU.Build.0 = Debug|Any CPU
		{2AC7AFB2-718C-4AD6-8F0C-47F312B59B0E}.Release|Any CPU.ActiveCfg = Release|Any CPU
		{2AC7AFB2-718C-4AD6-8F0C-47F312B59B0E}.Release|Any CPU.Build.0 = Release|Any CPU
	EndGlobalSection
	GlobalSection(SolutionProperties) = preSolution
		HideSolutionNode = FALSE
	EndGlobalSection
EndGlobal
